<?xml version="1.0" encoding="utf-8"?>
<Project ToolsVersion="4.0" xmlns="http://schemas.microsoft.com/developer/msbuild/2003">
  <ItemGroup>
    <Filter Include="Source">
      <UniqueIdentifier>{6bc8a758-8cde-4ba3-858b-ad31d352bd6c}</UniqueIdentifier>
    </Filter>
    <Filter Include="Source\Support">
      <UniqueIdentifier>{0ddce669-5ab4-4600-a0c0-4fe839f00ace}</UniqueIdentifier>
    </Filter>
  </ItemGroup>
  <ItemGroup>
    <ClCompile Include="..\..\main.cpp">
      <Filter>Source</Filter>
    </ClCompile>
  </ItemGroup>
  <ItemGroup>
    <ClInclude Include="..\..\Support\ClassFactory.h">
      <Filter>Source\Support</Filter>
    </ClInclude>
  </ItemGroup>
</Project>